// !$*UTF8*$!
{
	archiveVersion = 1;
	classes = {
	};
	objectVersion = 46;
	objects = {

/* Begin PBXBuildFile section */
		252D24FE1CDA49F4008D517F /* UserCell.xib in Resources */ = {isa = PBXBuildFile; fileRef = 252D24FD1CDA49F4008D517F /* UserCell.xib */; };
		252D25001CDA4A2A008D517F /* UserCell.swift in Sources */ = {isa = PBXBuildFile; fileRef = 252D24FF1CDA4A2A008D517F /* UserCell.swift */; };
		252D25041CDA4E83008D517F /* FullScreenViewController.swift in Sources */ = {isa = PBXBuildFile; fileRef = 252D25031CDA4E83008D517F /* FullScreenViewController.swift */; };
		2550A8041CE598C1004EA96E /* Component.swift in Sources */ = {isa = PBXBuildFile; fileRef = 2550A8031CE598C1004EA96E /* Component.swift */; };
		2550A8071CE59A85004EA96E /* VerticalMarginRenderer.swift in Sources */ = {isa = PBXBuildFile; fileRef = 2550A8061CE59A85004EA96E /* VerticalMarginRenderer.swift */; };
		2550A8091CE59E42004EA96E /* UIKitRenderer.swift in Sources */ = {isa = PBXBuildFile; fileRef = 2550A8081CE59E42004EA96E /* UIKitRenderer.swift */; };
		2550A8371CE7EE12004EA96E /* TableViewRenderer.swift in Sources */ = {isa = PBXBuildFile; fileRef = 2550A8361CE7EE12004EA96E /* TableViewRenderer.swift */; };
		2550A8391CE7EE34004EA96E /* ComponentContainer.swift in Sources */ = {isa = PBXBuildFile; fileRef = 2550A8381CE7EE34004EA96E /* ComponentContainer.swift */; };
		2550A83B1CE82D22004EA96E /* Dwifft.swift in Sources */ = {isa = PBXBuildFile; fileRef = 2550A83A1CE82D22004EA96E /* Dwifft.swift */; };
		2550A8441CEA1FC4004EA96E /* StackComponent.swift in Sources */ = {isa = PBXBuildFile; fileRef = 2550A8431CEA1FC4004EA96E /* StackComponent.swift */; };
		2550A8461CEA1FDA004EA96E /* NavigationBarComponent.swift in Sources */ = {isa = PBXBuildFile; fileRef = 2550A8451CEA1FDA004EA96E /* NavigationBarComponent.swift */; };
		2550A8481CEA1FEA004EA96E /* BarButtonComponent.swift in Sources */ = {isa = PBXBuildFile; fileRef = 2550A8471CEA1FEA004EA96E /* BarButtonComponent.swift */; };
		2550A84A1CEA1FF7004EA96E /* Button.swift in Sources */ = {isa = PBXBuildFile; fileRef = 2550A8491CEA1FF7004EA96E /* Button.swift */; };
		2550A84E1CEA20BB004EA96E /* ContainerTreeDiffer.swift in Sources */ = {isa = PBXBuildFile; fileRef = 2550A84D1CEA20BB004EA96E /* ContainerTreeDiffer.swift */; };
		2550A8501CEA20F2004EA96E /* StackComponentRenderer.swift in Sources */ = {isa = PBXBuildFile; fileRef = 2550A84F1CEA20F2004EA96E /* StackComponentRenderer.swift */; };
		2550A8521CEA214D004EA96E /* NavigationBarComponentRenderer.swift in Sources */ = {isa = PBXBuildFile; fileRef = 2550A8511CEA214D004EA96E /* NavigationBarComponentRenderer.swift */; };
		2550A8541CEA21D0004EA96E /* UIKitReconciler.swift in Sources */ = {isa = PBXBuildFile; fileRef = 2550A8531CEA21D0004EA96E /* UIKitReconciler.swift */; };
		2550A88C1CEC2CC5004EA96E /* LoginView.xib in Resources */ = {isa = PBXBuildFile; fileRef = 2550A88B1CEC2CC5004EA96E /* LoginView.xib */; };
		2550A88E1CEC2F0C004EA96E /* LoginView.swift in Sources */ = {isa = PBXBuildFile; fileRef = 2550A88D1CEC2F0C004EA96E /* LoginView.swift */; };
		2550A8901CEC2F67004EA96E /* TextInput.swift in Sources */ = {isa = PBXBuildFile; fileRef = 2550A88F1CEC2F67004EA96E /* TextInput.swift */; };
		2550A8921CEC2F8D004EA96E /* TextInputRenderer.swift in Sources */ = {isa = PBXBuildFile; fileRef = 2550A8911CEC2F8D004EA96E /* TextInputRenderer.swift */; };
		2550A8941CEC3727004EA96E /* BarButtonRenderer.swift in Sources */ = {isa = PBXBuildFile; fileRef = 2550A8931CEC3727004EA96E /* BarButtonRenderer.swift */; };
		2550A8961CEC373B004EA96E /* ButtonRenderer.swift in Sources */ = {isa = PBXBuildFile; fileRef = 2550A8951CEC373B004EA96E /* ButtonRenderer.swift */; };
		2550A8A11CED3818004EA96E /* CenterComponent.swift in Sources */ = {isa = PBXBuildFile; fileRef = 2550A8A01CED3817004EA96E /* CenterComponent.swift */; };
		2550A8A31CED3869004EA96E /* CenterComponentRenderer.swift in Sources */ = {isa = PBXBuildFile; fileRef = 2550A8A21CED3869004EA96E /* CenterComponentRenderer.swift */; };
		2550A8A51CED59AE004EA96E /* UIColorHex.swift in Sources */ = {isa = PBXBuildFile; fileRef = 2550A8A41CED59AE004EA96E /* UIColorHex.swift */; };
		2550A91E1CF72EF1004EA96E /* Label.swift in Sources */ = {isa = PBXBuildFile; fileRef = 2550A91D1CF72EF1004EA96E /* Label.swift */; };
		2550A9201CF72F1A004EA96E /* LabelRenderer.swift in Sources */ = {isa = PBXBuildFile; fileRef = 2550A91F1CF72F1A004EA96E /* LabelRenderer.swift */; };
		259F7E7E1CD9782D00A3FFD9 /* UserView.swift in Sources */ = {isa = PBXBuildFile; fileRef = 259F7E7D1CD9782D00A3FFD9 /* UserView.swift */; };
		25A75D641CE4D95F0086A82F /* VerticalMargin.swift in Sources */ = {isa = PBXBuildFile; fileRef = 25A75D631CE4D95F0086A82F /* VerticalMargin.swift */; };
		25CE2A641CD42B37006BD375 /* AppDelegate.swift in Sources */ = {isa = PBXBuildFile; fileRef = 25CE2A631CD42B37006BD375 /* AppDelegate.swift */; };
		25CE2A6B1CD42B37006BD375 /* Assets.xcassets in Resources */ = {isa = PBXBuildFile; fileRef = 25CE2A6A1CD42B37006BD375 /* Assets.xcassets */; };
		25CE2A6E1CD42B37006BD375 /* LaunchScreen.storyboard in Resources */ = {isa = PBXBuildFile; fileRef = 25CE2A6C1CD42B37006BD375 /* LaunchScreen.storyboard */; };
		25CE2A771CD42B5D006BD375 /* TableViewModel.swift in Sources */ = {isa = PBXBuildFile; fileRef = 25CE2A761CD42B5D006BD375 /* TableViewModel.swift */; };
		25CE2A791CD42B6D006BD375 /* TableViewSectionModel.swift in Sources */ = {isa = PBXBuildFile; fileRef = 25CE2A781CD42B6D006BD375 /* TableViewSectionModel.swift */; };
		25CE2A7B1CD42B77006BD375 /* TableViewCellModel.swift in Sources */ = {isa = PBXBuildFile; fileRef = 25CE2A7A1CD42B77006BD375 /* TableViewCellModel.swift */; };
		25CE2A7D1CD42B99006BD375 /* TableViewDataSourceDelegate.swift in Sources */ = {isa = PBXBuildFile; fileRef = 25CE2A7C1CD42B99006BD375 /* TableViewDataSourceDelegate.swift */; };
/* End PBXBuildFile section */

/* Begin PBXFileReference section */
		252D24FD1CDA49F4008D517F /* UserCell.xib */ = {isa = PBXFileReference; fileEncoding = 4; lastKnownFileType = file.xib; path = UserCell.xib; sourceTree = "<group>"; };
		252D24FF1CDA4A2A008D517F /* UserCell.swift */ = {isa = PBXFileReference; fileEncoding = 4; lastKnownFileType = sourcecode.swift; path = UserCell.swift; sourceTree = "<group>"; };
		252D25031CDA4E83008D517F /* FullScreenViewController.swift */ = {isa = PBXFileReference; fileEncoding = 4; lastKnownFileType = sourcecode.swift; path = FullScreenViewController.swift; sourceTree = "<group>"; };
		2550A8031CE598C1004EA96E /* Component.swift */ = {isa = PBXFileReference; fileEncoding = 4; lastKnownFileType = sourcecode.swift; path = Component.swift; sourceTree = "<group>"; };
		2550A8061CE59A85004EA96E /* VerticalMarginRenderer.swift */ = {isa = PBXFileReference; fileEncoding = 4; lastKnownFileType = sourcecode.swift; path = VerticalMarginRenderer.swift; sourceTree = "<group>"; };
		2550A8081CE59E42004EA96E /* UIKitRenderer.swift */ = {isa = PBXFileReference; fileEncoding = 4; lastKnownFileType = sourcecode.swift; path = UIKitRenderer.swift; sourceTree = "<group>"; };
		2550A8361CE7EE12004EA96E /* TableViewRenderer.swift */ = {isa = PBXFileReference; fileEncoding = 4; lastKnownFileType = sourcecode.swift; path = TableViewRenderer.swift; sourceTree = "<group>"; };
		2550A8381CE7EE34004EA96E /* ComponentContainer.swift */ = {isa = PBXFileReference; fileEncoding = 4; lastKnownFileType = sourcecode.swift; path = ComponentContainer.swift; sourceTree = "<group>"; };
		2550A83A1CE82D22004EA96E /* Dwifft.swift */ = {isa = PBXFileReference; fileEncoding = 4; lastKnownFileType = sourcecode.swift; path = Dwifft.swift; sourceTree = "<group>"; };
		2550A8431CEA1FC4004EA96E /* StackComponent.swift */ = {isa = PBXFileReference; fileEncoding = 4; lastKnownFileType = sourcecode.swift; path = StackComponent.swift; sourceTree = "<group>"; };
		2550A8451CEA1FDA004EA96E /* NavigationBarComponent.swift */ = {isa = PBXFileReference; fileEncoding = 4; lastKnownFileType = sourcecode.swift; path = NavigationBarComponent.swift; sourceTree = "<group>"; };
		2550A8471CEA1FEA004EA96E /* BarButtonComponent.swift */ = {isa = PBXFileReference; fileEncoding = 4; lastKnownFileType = sourcecode.swift; path = BarButtonComponent.swift; sourceTree = "<group>"; };
		2550A8491CEA1FF7004EA96E /* Button.swift */ = {isa = PBXFileReference; fileEncoding = 4; lastKnownFileType = sourcecode.swift; path = Button.swift; sourceTree = "<group>"; };
		2550A84D1CEA20BB004EA96E /* ContainerTreeDiffer.swift */ = {isa = PBXFileReference; fileEncoding = 4; lastKnownFileType = sourcecode.swift; path = ContainerTreeDiffer.swift; sourceTree = "<group>"; };
		2550A84F1CEA20F2004EA96E /* StackComponentRenderer.swift */ = {isa = PBXFileReference; fileEncoding = 4; lastKnownFileType = sourcecode.swift; path = StackComponentRenderer.swift; sourceTree = "<group>"; };
		2550A8511CEA214D004EA96E /* NavigationBarComponentRenderer.swift */ = {isa = PBXFileReference; fileEncoding = 4; lastKnownFileType = sourcecode.swift; path = NavigationBarComponentRenderer.swift; sourceTree = "<group>"; };
		2550A8531CEA21D0004EA96E /* UIKitReconciler.swift */ = {isa = PBXFileReference; fileEncoding = 4; lastKnownFileType = sourcecode.swift; path = UIKitReconciler.swift; sourceTree = "<group>"; };
		2550A88B1CEC2CC5004EA96E /* LoginView.xib */ = {isa = PBXFileReference; fileEncoding = 4; lastKnownFileType = file.xib; path = LoginView.xib; sourceTree = "<group>"; };
		2550A88D1CEC2F0C004EA96E /* LoginView.swift */ = {isa = PBXFileReference; fileEncoding = 4; lastKnownFileType = sourcecode.swift; path = LoginView.swift; sourceTree = "<group>"; };
		2550A88F1CEC2F67004EA96E /* TextInput.swift */ = {isa = PBXFileReference; fileEncoding = 4; lastKnownFileType = sourcecode.swift; path = TextInput.swift; sourceTree = "<group>"; };
		2550A8911CEC2F8D004EA96E /* TextInputRenderer.swift */ = {isa = PBXFileReference; fileEncoding = 4; lastKnownFileType = sourcecode.swift; path = TextInputRenderer.swift; sourceTree = "<group>"; };
		2550A8931CEC3727004EA96E /* BarButtonRenderer.swift */ = {isa = PBXFileReference; fileEncoding = 4; lastKnownFileType = sourcecode.swift; path = BarButtonRenderer.swift; sourceTree = "<group>"; };
		2550A8951CEC373B004EA96E /* ButtonRenderer.swift */ = {isa = PBXFileReference; fileEncoding = 4; lastKnownFileType = sourcecode.swift; path = ButtonRenderer.swift; sourceTree = "<group>"; };
		2550A8A01CED3817004EA96E /* CenterComponent.swift */ = {isa = PBXFileReference; fileEncoding = 4; lastKnownFileType = sourcecode.swift; path = CenterComponent.swift; sourceTree = "<group>"; };
		2550A8A21CED3869004EA96E /* CenterComponentRenderer.swift */ = {isa = PBXFileReference; fileEncoding = 4; lastKnownFileType = sourcecode.swift; path = CenterComponentRenderer.swift; sourceTree = "<group>"; };
		2550A8A41CED59AE004EA96E /* UIColorHex.swift */ = {isa = PBXFileReference; fileEncoding = 4; lastKnownFileType = sourcecode.swift; path = UIColorHex.swift; sourceTree = "<group>"; };
		2550A91D1CF72EF1004EA96E /* Label.swift */ = {isa = PBXFileReference; fileEncoding = 4; lastKnownFileType = sourcecode.swift; path = Label.swift; sourceTree = "<group>"; };
		2550A91F1CF72F1A004EA96E /* LabelRenderer.swift */ = {isa = PBXFileReference; fileEncoding = 4; lastKnownFileType = sourcecode.swift; path = LabelRenderer.swift; sourceTree = "<group>"; };
		259F7E7D1CD9782D00A3FFD9 /* UserView.swift */ = {isa = PBXFileReference; fileEncoding = 4; lastKnownFileType = sourcecode.swift; path = UserView.swift; sourceTree = "<group>"; };
		25A75D631CE4D95F0086A82F /* VerticalMargin.swift */ = {isa = PBXFileReference; fileEncoding = 4; lastKnownFileType = sourcecode.swift; path = VerticalMargin.swift; sourceTree = "<group>"; };
		25CE2A601CD42B37006BD375 /* UILib.app */ = {isa = PBXFileReference; explicitFileType = wrapper.application; includeInIndex = 0; path = UILib.app; sourceTree = BUILT_PRODUCTS_DIR; };
		25CE2A631CD42B37006BD375 /* AppDelegate.swift */ = {isa = PBXFileReference; lastKnownFileType = sourcecode.swift; path = AppDelegate.swift; sourceTree = "<group>"; };
		25CE2A6A1CD42B37006BD375 /* Assets.xcassets */ = {isa = PBXFileReference; lastKnownFileType = folder.assetcatalog; path = Assets.xcassets; sourceTree = "<group>"; };
		25CE2A6D1CD42B37006BD375 /* Base */ = {isa = PBXFileReference; lastKnownFileType = file.storyboard; name = Base; path = Base.lproj/LaunchScreen.storyboard; sourceTree = "<group>"; };
		25CE2A6F1CD42B37006BD375 /* Info.plist */ = {isa = PBXFileReference; lastKnownFileType = text.plist.xml; path = Info.plist; sourceTree = "<group>"; };
		25CE2A761CD42B5D006BD375 /* TableViewModel.swift */ = {isa = PBXFileReference; fileEncoding = 4; lastKnownFileType = sourcecode.swift; path = TableViewModel.swift; sourceTree = "<group>"; };
		25CE2A781CD42B6D006BD375 /* TableViewSectionModel.swift */ = {isa = PBXFileReference; fileEncoding = 4; lastKnownFileType = sourcecode.swift; path = TableViewSectionModel.swift; sourceTree = "<group>"; };
		25CE2A7A1CD42B77006BD375 /* TableViewCellModel.swift */ = {isa = PBXFileReference; fileEncoding = 4; lastKnownFileType = sourcecode.swift; path = TableViewCellModel.swift; sourceTree = "<group>"; };
		25CE2A7C1CD42B99006BD375 /* TableViewDataSourceDelegate.swift */ = {isa = PBXFileReference; fileEncoding = 4; lastKnownFileType = sourcecode.swift; path = TableViewDataSourceDelegate.swift; sourceTree = "<group>"; };
/* End PBXFileReference section */

/* Begin PBXFrameworksBuildPhase section */
		25CE2A5D1CD42B37006BD375 /* Frameworks */ = {
			isa = PBXFrameworksBuildPhase;
			buildActionMask = 2147483647;
			files = (
			);
			runOnlyForDeploymentPostprocessing = 0;
		};
/* End PBXFrameworksBuildPhase section */

/* Begin PBXGroup section */
		252D24FC1CDA49DB008D517F /* Example */ = {
			isa = PBXGroup;
			children = (
				25CE2A631CD42B37006BD375 /* AppDelegate.swift */,
				2550A88D1CEC2F0C004EA96E /* LoginView.swift */,
				2550A88B1CEC2CC5004EA96E /* LoginView.xib */,
				252D24FF1CDA4A2A008D517F /* UserCell.swift */,
				252D24FD1CDA49F4008D517F /* UserCell.xib */,
				259F7E7D1CD9782D00A3FFD9 /* UserView.swift */,
			);
			path = Example;
			sourceTree = "<group>";
		};
		252D25021CDA4E78008D517F /* Controllers */ = {
			isa = PBXGroup;
			children = (
				252D25031CDA4E83008D517F /* FullScreenViewController.swift */,
			);
			path = Controllers;
			sourceTree = "<group>";
		};
		2550A8051CE59A5E004EA96E /* UIKitRenderer */ = {
			isa = PBXGroup;
			children = (
				2550A8421CEA1F93004EA96E /* LayoutComponents */,
				2550A8411CEA1EE9004EA96E /* TableView */,
				2550A8931CEC3727004EA96E /* BarButtonRenderer.swift */,
				2550A8951CEC373B004EA96E /* ButtonRenderer.swift */,
				2550A8A21CED3869004EA96E /* CenterComponentRenderer.swift */,
				2550A8511CEA214D004EA96E /* NavigationBarComponentRenderer.swift */,
				2550A84F1CEA20F2004EA96E /* StackComponentRenderer.swift */,
				2550A8911CEC2F8D004EA96E /* TextInputRenderer.swift */,
				2550A8A41CED59AE004EA96E /* UIColorHex.swift */,
				2550A8531CEA21D0004EA96E /* UIKitReconciler.swift */,
				2550A8081CE59E42004EA96E /* UIKitRenderer.swift */,
				2550A91F1CF72F1A004EA96E /* LabelRenderer.swift */,
			);
			path = UIKitRenderer;
			sourceTree = "<group>";
		};
		2550A83F1CEA1ECC004EA96E /* Components */ = {
			isa = PBXGroup;
			children = (
				25A75D621CE4D9480086A82F /* LayoutComponents */,
				2550A8401CEA1ED7004EA96E /* TableView */,
				2550A8471CEA1FEA004EA96E /* BarButtonComponent.swift */,
				2550A8491CEA1FF7004EA96E /* Button.swift */,
				2550A8A01CED3817004EA96E /* CenterComponent.swift */,
				2550A8451CEA1FDA004EA96E /* NavigationBarComponent.swift */,
				2550A8431CEA1FC4004EA96E /* StackComponent.swift */,
				2550A88F1CEC2F67004EA96E /* TextInput.swift */,
				2550A91D1CF72EF1004EA96E /* Label.swift */,
			);
			path = Components;
			sourceTree = "<group>";
		};
		2550A8401CEA1ED7004EA96E /* TableView */ = {
			isa = PBXGroup;
			children = (
				25CE2A7A1CD42B77006BD375 /* TableViewCellModel.swift */,
				25CE2A761CD42B5D006BD375 /* TableViewModel.swift */,
				25CE2A781CD42B6D006BD375 /* TableViewSectionModel.swift */,
			);
			path = TableView;
			sourceTree = "<group>";
		};
		2550A8411CEA1EE9004EA96E /* TableView */ = {
			isa = PBXGroup;
			children = (
				25CE2A7C1CD42B99006BD375 /* TableViewDataSourceDelegate.swift */,
				2550A8361CE7EE12004EA96E /* TableViewRenderer.swift */,
			);
			path = TableView;
			sourceTree = "<group>";
		};
		2550A8421CEA1F93004EA96E /* LayoutComponents */ = {
			isa = PBXGroup;
			children = (
				2550A8061CE59A85004EA96E /* VerticalMarginRenderer.swift */,
			);
			path = LayoutComponents;
			sourceTree = "<group>";
		};
		2550A84B1CEA2059004EA96E /* Core */ = {
			isa = PBXGroup;
			children = (
				2550A8031CE598C1004EA96E /* Component.swift */,
				2550A8381CE7EE34004EA96E /* ComponentContainer.swift */,
			);
			path = Core;
			sourceTree = "<group>";
		};
		2550A84C1CEA209F004EA96E /* Diffing */ = {
			isa = PBXGroup;
			children = (
				2550A84D1CEA20BB004EA96E /* ContainerTreeDiffer.swift */,
				2550A83A1CE82D22004EA96E /* Dwifft.swift */,
			);
			path = Diffing;
			sourceTree = "<group>";
		};
		25A75D621CE4D9480086A82F /* LayoutComponents */ = {
			isa = PBXGroup;
			children = (
				25A75D631CE4D95F0086A82F /* VerticalMargin.swift */,
			);
			path = LayoutComponents;
			sourceTree = "<group>";
		};
		25CE2A571CD42B37006BD375 = {
			isa = PBXGroup;
			children = (
				252D24FC1CDA49DB008D517F /* Example */,
				25CE2A611CD42B37006BD375 /* Products */,
				25CE2A621CD42B37006BD375 /* UILib */,
			);
			sourceTree = "<group>";
		};
		25CE2A611CD42B37006BD375 /* Products */ = {
			isa = PBXGroup;
			children = (
				25CE2A601CD42B37006BD375 /* UILib.app */,
			);
			name = Products;
			sourceTree = "<group>";
		};
		25CE2A621CD42B37006BD375 /* UILib */ = {
			isa = PBXGroup;
			children = (
				2550A83F1CEA1ECC004EA96E /* Components */,
				252D25021CDA4E78008D517F /* Controllers */,
				2550A84B1CEA2059004EA96E /* Core */,
				2550A84C1CEA209F004EA96E /* Diffing */,
				2550A8051CE59A5E004EA96E /* UIKitRenderer */,
				25CE2A6A1CD42B37006BD375 /* Assets.xcassets */,
				25CE2A6F1CD42B37006BD375 /* Info.plist */,
				25CE2A6C1CD42B37006BD375 /* LaunchScreen.storyboard */,
			);
			path = UILib;
			sourceTree = "<group>";
		};
/* End PBXGroup section */

/* Begin PBXNativeTarget section */
		25CE2A5F1CD42B37006BD375 /* UILib */ = {
			isa = PBXNativeTarget;
			buildConfigurationList = 25CE2A721CD42B37006BD375 /* Build configuration list for PBXNativeTarget "UILib" */;
			buildPhases = (
				25CE2A5C1CD42B37006BD375 /* Sources */,
				25CE2A5D1CD42B37006BD375 /* Frameworks */,
				25CE2A5E1CD42B37006BD375 /* Resources */,
			);
			buildRules = (
			);
			dependencies = (
			);
			name = UILib;
			productName = UILib;
			productReference = 25CE2A601CD42B37006BD375 /* UILib.app */;
			productType = "com.apple.product-type.application";
		};
/* End PBXNativeTarget section */

/* Begin PBXProject section */
		25CE2A581CD42B37006BD375 /* Project object */ = {
			isa = PBXProject;
			attributes = {
				LastSwiftUpdateCheck = 0730;
				LastUpgradeCheck = 0730;
				ORGANIZATIONNAME = "Benjamin Encz";
				TargetAttributes = {
					25CE2A5F1CD42B37006BD375 = {
						CreatedOnToolsVersion = 7.3;
						LastSwiftMigration = 0830;
					};
				};
			};
			buildConfigurationList = 25CE2A5B1CD42B37006BD375 /* Build configuration list for PBXProject "UILib" */;
			compatibilityVersion = "Xcode 3.2";
			developmentRegion = English;
			hasScannedForEncodings = 0;
			knownRegions = (
				en,
				Base,
			);
			mainGroup = 25CE2A571CD42B37006BD375;
			productRefGroup = 25CE2A611CD42B37006BD375 /* Products */;
			projectDirPath = "";
			projectRoot = "";
			targets = (
				25CE2A5F1CD42B37006BD375 /* UILib */,
			);
		};
/* End PBXProject section */

/* Begin PBXResourcesBuildPhase section */
		25CE2A5E1CD42B37006BD375 /* Resources */ = {
			isa = PBXResourcesBuildPhase;
			buildActionMask = 2147483647;
			files = (
				25CE2A6E1CD42B37006BD375 /* LaunchScreen.storyboard in Resources */,
				25CE2A6B1CD42B37006BD375 /* Assets.xcassets in Resources */,
				2550A88C1CEC2CC5004EA96E /* LoginView.xib in Resources */,
				252D24FE1CDA49F4008D517F /* UserCell.xib in Resources */,
			);
			runOnlyForDeploymentPostprocessing = 0;
		};
/* End PBXResourcesBuildPhase section */

/* Begin PBXSourcesBuildPhase section */
		25CE2A5C1CD42B37006BD375 /* Sources */ = {
			isa = PBXSourcesBuildPhase;
			buildActionMask = 2147483647;
			files = (
				2550A8391CE7EE34004EA96E /* ComponentContainer.swift in Sources */,
				252D25001CDA4A2A008D517F /* UserCell.swift in Sources */,
				2550A9201CF72F1A004EA96E /* LabelRenderer.swift in Sources */,
				25CE2A771CD42B5D006BD375 /* TableViewModel.swift in Sources */,
				2550A8481CEA1FEA004EA96E /* BarButtonComponent.swift in Sources */,
				25CE2A7D1CD42B99006BD375 /* TableViewDataSourceDelegate.swift in Sources */,
				2550A84E1CEA20BB004EA96E /* ContainerTreeDiffer.swift in Sources */,
				2550A91E1CF72EF1004EA96E /* Label.swift in Sources */,
				2550A8A11CED3818004EA96E /* CenterComponent.swift in Sources */,
				2550A88E1CEC2F0C004EA96E /* LoginView.swift in Sources */,
				2550A8441CEA1FC4004EA96E /* StackComponent.swift in Sources */,
				2550A8041CE598C1004EA96E /* Component.swift in Sources */,
				25CE2A7B1CD42B77006BD375 /* TableViewCellModel.swift in Sources */,
				2550A8071CE59A85004EA96E /* VerticalMarginRenderer.swift in Sources */,
				252D25041CDA4E83008D517F /* FullScreenViewController.swift in Sources */,
				2550A8371CE7EE12004EA96E /* TableViewRenderer.swift in Sources */,
				2550A8901CEC2F67004EA96E /* TextInput.swift in Sources */,
				25CE2A641CD42B37006BD375 /* AppDelegate.swift in Sources */,
				2550A8501CEA20F2004EA96E /* StackComponentRenderer.swift in Sources */,
				2550A8A31CED3869004EA96E /* CenterComponentRenderer.swift in Sources */,
				2550A8521CEA214D004EA96E /* NavigationBarComponentRenderer.swift in Sources */,
				2550A83B1CE82D22004EA96E /* Dwifft.swift in Sources */,
				2550A8921CEC2F8D004EA96E /* TextInputRenderer.swift in Sources */,
				25CE2A791CD42B6D006BD375 /* TableViewSectionModel.swift in Sources */,
				2550A84A1CEA1FF7004EA96E /* Button.swift in Sources */,
				259F7E7E1CD9782D00A3FFD9 /* UserView.swift in Sources */,
				2550A8461CEA1FDA004EA96E /* NavigationBarComponent.swift in Sources */,
				2550A8091CE59E42004EA96E /* UIKitRenderer.swift in Sources */,
				2550A8541CEA21D0004EA96E /* UIKitReconciler.swift in Sources */,
				2550A8A51CED59AE004EA96E /* UIColorHex.swift in Sources */,
				2550A8941CEC3727004EA96E /* BarButtonRenderer.swift in Sources */,
				2550A8961CEC373B004EA96E /* ButtonRenderer.swift in Sources */,
				25A75D641CE4D95F0086A82F /* VerticalMargin.swift in Sources */,
			);
			runOnlyForDeploymentPostprocessing = 0;
		};
/* End PBXSourcesBuildPhase section */

/* Begin PBXVariantGroup section */
		25CE2A6C1CD42B37006BD375 /* LaunchScreen.storyboard */ = {
			isa = PBXVariantGroup;
			children = (
				25CE2A6D1CD42B37006BD375 /* Base */,
			);
			name = LaunchScreen.storyboard;
			path = .;
			sourceTree = "<group>";
		};
/* End PBXVariantGroup section */

/* Begin XCBuildConfiguration section */
		25CE2A701CD42B37006BD375 /* Debug */ = {
			isa = XCBuildConfiguration;
			buildSettings = {
				ALWAYS_SEARCH_USER_PATHS = NO;
				CLANG_ANALYZER_NONNULL = YES;
				CLANG_CXX_LANGUAGE_STANDARD = "gnu++0x";
				CLANG_CXX_LIBRARY = "libc++";
				CLANG_ENABLE_MODULES = YES;
				CLANG_ENABLE_OBJC_ARC = YES;
				CLANG_WARN_BOOL_CONVERSION = YES;
				CLANG_WARN_CONSTANT_CONVERSION = YES;
				CLANG_WARN_DIRECT_OBJC_ISA_USAGE = YES_ERROR;
				CLANG_WARN_EMPTY_BODY = YES;
				CLANG_WARN_ENUM_CONVERSION = YES;
				CLANG_WARN_INT_CONVERSION = YES;
				CLANG_WARN_OBJC_ROOT_CLASS = YES_ERROR;
				CLANG_WARN_UNREACHABLE_CODE = YES;
				CLANG_WARN__DUPLICATE_METHOD_MATCH = YES;
				"CODE_SIGN_IDENTITY[sdk=iphoneos*]" = "iPhone Developer";
				COPY_PHASE_STRIP = NO;
				DEBUG_INFORMATION_FORMAT = dwarf;
				ENABLE_STRICT_OBJC_MSGSEND = YES;
				ENABLE_TESTABILITY = YES;
				GCC_C_LANGUAGE_STANDARD = gnu99;
				GCC_DYNAMIC_NO_PIC = NO;
				GCC_NO_COMMON_BLOCKS = YES;
				GCC_OPTIMIZATION_LEVEL = 0;
				GCC_PREPROCESSOR_DEFINITIONS = (
					"DEBUG=1",
					"$(inherited)",
				);
				GCC_WARN_64_TO_32_BIT_CONVERSION = YES;
				GCC_WARN_ABOUT_RETURN_TYPE = YES_ERROR;
				GCC_WARN_UNDECLARED_SELECTOR = YES;
				GCC_WARN_UNINITIALIZED_AUTOS = YES_AGGRESSIVE;
				GCC_WARN_UNUSED_FUNCTION = YES;
				GCC_WARN_UNUSED_VARIABLE = YES;
				IPHONEOS_DEPLOYMENT_TARGET = 9.3;
				MTL_ENABLE_DEBUG_INFO = YES;
				ONLY_ACTIVE_ARCH = YES;
				SDKROOT = iphoneos;
				SWIFT_OPTIMIZATION_LEVEL = "-Onone";
				TARGETED_DEVICE_FAMILY = "1,2";
			};
			name = Debug;
		};
		25CE2A711CD42B37006BD375 /* Release */ = {
			isa = XCBuildConfiguration;
			buildSettings = {
				ALWAYS_SEARCH_USER_PATHS = NO;
				CLANG_ANALYZER_NONNULL = YES;
				CLANG_CXX_LANGUAGE_STANDARD = "gnu++0x";
				CLANG_CXX_LIBRARY = "libc++";
				CLANG_ENABLE_MODULES = YES;
				CLANG_ENABLE_OBJC_ARC = YES;
				CLANG_WARN_BOOL_CONVERSION = YES;
				CLANG_WARN_CONSTANT_CONVERSION = YES;
				CLANG_WARN_DIRECT_OBJC_ISA_USAGE = YES_ERROR;
				CLANG_WARN_EMPTY_BODY = YES;
				CLANG_WARN_ENUM_CONVERSION = YES;
				CLANG_WARN_INT_CONVERSION = YES;
				CLANG_WARN_OBJC_ROOT_CLASS = YES_ERROR;
				CLANG_WARN_UNREACHABLE_CODE = YES;
				CLANG_WARN__DUPLICATE_METHOD_MATCH = YES;
				"CODE_SIGN_IDENTITY[sdk=iphoneos*]" = "iPhone Developer";
				COPY_PHASE_STRIP = NO;
				DEBUG_INFORMATION_FORMAT = "dwarf-with-dsym";
				ENABLE_NS_ASSERTIONS = NO;
				ENABLE_STRICT_OBJC_MSGSEND = YES;
				GCC_C_LANGUAGE_STANDARD = gnu99;
				GCC_NO_COMMON_BLOCKS = YES;
				GCC_WARN_64_TO_32_BIT_CONVERSION = YES;
				GCC_WARN_ABOUT_RETURN_TYPE = YES_ERROR;
				GCC_WARN_UNDECLARED_SELECTOR = YES;
				GCC_WARN_UNINITIALIZED_AUTOS = YES_AGGRESSIVE;
				GCC_WARN_UNUSED_FUNCTION = YES;
				GCC_WARN_UNUSED_VARIABLE = YES;
				IPHONEOS_DEPLOYMENT_TARGET = 9.3;
				MTL_ENABLE_DEBUG_INFO = NO;
				SDKROOT = iphoneos;
				TARGETED_DEVICE_FAMILY = "1,2";
				VALIDATE_PRODUCT = YES;
			};
			name = Release;
		};
		25CE2A731CD42B37006BD375 /* Debug */ = {
			isa = XCBuildConfiguration;
			buildSettings = {
				ASSETCATALOG_COMPILER_APPICON_NAME = AppIcon;
				INFOPLIST_FILE = UILib/Info.plist;
				LD_RUNPATH_SEARCH_PATHS = "$(inherited) @executable_path/Frameworks";
				PRODUCT_BUNDLE_IDENTIFIER = "de.benjamin-encz.UILib";
				PRODUCT_NAME = "$(TARGET_NAME)";
				SWIFT_VERSION = 3.0;
			};
			name = Debug;
		};
		25CE2A741CD42B37006BD375 /* Release */ = {
			isa = XCBuildConfiguration;
			buildSettings = {
				ASSETCATALOG_COMPILER_APPICON_NAME = AppIcon;
				INFOPLIST_FILE = UILib/Info.plist;
				LD_RUNPATH_SEARCH_PATHS = "$(inherited) @executable_path/Frameworks";
				PRODUCT_BUNDLE_IDENTIFIER = "de.benjamin-encz.UILib";
				PRODUCT_NAME = "$(TARGET_NAME)";
				SWIFT_VERSION = 3.0;
			};
			name = Release;
		};
/* End XCBuildConfiguration section */

/* Begin XCConfigurationList section */
		25CE2A5B1CD42B37006BD375 /* Build configuration list for PBXProject "UILib" */ = {
			isa = XCConfigurationList;
			buildConfigurations = (
				25CE2A701CD42B37006BD375 /* Debug */,
				25CE2A711CD42B37006BD375 /* Release */,
			);
			defaultConfigurationIsVisible = 0;
			defaultConfigurationName = Release;
		};
		25CE2A721CD42B37006BD375 /* Build configuration list for PBXNativeTarget "UILib" */ = {
			isa = XCConfigurationList;
			buildConfigurations = (
				25CE2A731CD42B37006BD375 /* Debug */,
				25CE2A741CD42B37006BD375 /* Release */,
			);
			defaultConfigurationIsVisible = 0;
			defaultConfigurationName = Release;
		};
/* End XCConfigurationList section */
	};
	rootObject = 25CE2A581CD42B37006BD375 /* Project object */;
}
